
Microsoft Visual Studio Solution File, Format Version 12.00
# Visual Studio Version 17
VisualStudioVersion = 17.13.35806.99
MinimumVisualStudioVersion = 10.0.40219.1
Project("{8BC9CEB8-8B4A-11D0-8D11-00A0C91BC942}") = "Server", "NetworkedChat\NetworkedChat.vcxproj", "{615C5995-DE95-41E9-B641-ADAA24F6E74E}"
EndProject
Project("{8BC9CEB8-8B4A-11D0-8D11-00A0C91BC942}") = "Client", "Client\Client.vcxproj", "{6EF93D19-5837-419B-A6E6-772A2D0E76A8}"
EndProject
Global
	GlobalSection(SolutionConfigurationPlatforms) = preSolution
		Debug|x64 = Debug|x64
		Debug|x86 = Debug|x86
		Release|x64 = Release|x64
		Release|x86 = Release|x86
	EndGlobalSection
	GlobalSection(ProjectConfigurationPlatforms) = postSolution
		{615C5995-DE95-41E9-B641-ADAA24F6E74E}.Debug|x64.ActiveCfg = Debug|x64
		{615C5995-DE95-41E9-B641-ADAA24F6E74E}.Debug|x64.Build.0 = Debug|x64
		{615C5995-DE95-41E9-B641-ADAA24F6E74E}.Debug|x86.ActiveCfg = Debug|Win32
		{615C5995-DE95-41E9-B641-ADAA24F6E74E}.Debug|x86.Build.0 = Debug|Win32
		{615C5995-DE95-41E9-B641-ADAA24F6E74E}.Release|x64.ActiveCfg = Release|x64
		{615C5995-DE95-41E9-B641-ADAA24F6E74E}.Release|x64.Build.0 = Release|x64
		{615C5995-DE95-41E9-B641-ADAA24F6E74E}.Release|x86.ActiveCfg = Release|Win32
		{615C5995-DE95-41E9-B641-ADAA24F6E74E}.Release|x86.Build.0 = Release|Win32
		{6EF93D19-5837-419B-A6E6-772A2D0E76A8}.Debug|x64.ActiveCfg = Debug|x64
		{6EF93D19-5837-419B-A6E6-772A2D0E76A8}.Debug|x64.Build.0 = Debug|x64
		{6EF93D19-5837-419B-A6E6-772A2D0E76A8}.Debug|x86.ActiveCfg = Debug|Win32
		{6EF93D19-5837-419B-A6E6-772A2D0E76A8}.Debug|x86.Build.0 = Debug|Win32
		{6EF93D19-5837-419B-A6E6-772A2D0E76A8}.Release|x64.ActiveCfg = Release|x64
		{6EF93D19-5837-419B-A6E6-772A2D0E76A8}.Release|x64.Build.0 = Release|x64
		{6EF93D19-5837-419B-A6E6-772A2D0E76A8}.Release|x86.ActiveCfg = Release|Win32
		{6EF93D19-5837-419B-A6E6-772A2D0E76A8}.Release|x86.Build.0 = Release|Win32
	EndGlobalSection
	GlobalSection(SolutionProperties) = preSolution
		HideSolutionNode = FALSE
	EndGlobalSection
	GlobalSection(ExtensibilityGlobals) = postSolution
		SolutionGuid = {7AA14FAC-BC2D-4BDE-936E-13C61B0750B6}
	EndGlobalSection
EndGlobal
